
Microsoft Visual Studio Solution File, Format Version 12.00
# Visual Studio Version 16
VisualStudioVersion = 16.0.30621.155
MinimumVisualStudioVersion = 10.0.40219.1
Project("{9A19103F-16F7-4668-BE54-9A1E7A4F7556}") = "RaytrAkkar.RaytracerService", "RaytrAkkar\RaytrAkkar.RaytracerService.csproj", "{D3E0D5D1-8E20-442B-92B6-4EB287A90AF6}"
EndProject
Project("{9A19103F-16F7-4668-BE54-9A1E7A4F7556}") = "RaytrAkkar.Common", "RaytrAkkar.Common\RaytrAkkar.Common.csproj", "{81D7A3CB-6E32-4E82-B4DB-EC44311412FA}"
EndProject
Project("{9A19103F-16F7-4668-BE54-9A1E7A4F7556}") = "RaytrAkkar.Test", "RaytrAkkar.Test\RaytrAkkar.Test.csproj", "{F28BD163-4CE2-4EEB-80A7-8E51450277D0}"
EndProject
Project("{9A19103F-16F7-4668-BE54-9A1E7A4F7556}") = "RaytrAkkar.Winforms", "RaytrAkkar.Winforms\RaytrAkkar.Winforms.csproj", "{745DA4DB-04AE-403E-B4F5-57A2B073FF18}"
EndProject
Project("{9A19103F-16F7-4668-BE54-9A1E7A4F7556}") = "RaytrAkkar.Raytracer", "RaytrAkkar.Raytracer\RaytrAkkar.Raytracer.csproj", "{DCF4A707-03AA-4EEE-A6A3-79A0759E8638}"
EndProject
Project("{6EC3EE1D-3C4E-46DD-8F32-0CC8E7565705}") = "RaytrAkkar.Lisp", "RaytrAkkar.Lisp\RaytrAkkar.Lisp.fsproj", "{7EEB2131-7446-4C91-A5F8-C3A1B0446F94}"
EndProject
Project("{9A19103F-16F7-4668-BE54-9A1E7A4F7556}") = "RaytrAkkar.Web", "RaytrAkkar.Web\RaytrAkkar.Web.csproj", "{57173E3E-706D-4CF6-AB86-E413B644B3BB}"
EndProject
Project("{2150E333-8FDC-42A3-9474-1A3956D46DE8}") = "Services", "Services", "{3EEAE51E-B5A6-40A4-BBFE-097FCC62EA37}"
EndProject
Project("{2150E333-8FDC-42A3-9474-1A3956D46DE8}") = "Akka", "Akka", "{34041686-3A21-4CB5-944E-8B4F4328F805}"
EndProject
Project("{2150E333-8FDC-42A3-9474-1A3956D46DE8}") = "Libraries", "Libraries", "{ADA8A233-25B2-4787-A770-952C486B00BA}"
EndProject
Project("{2150E333-8FDC-42A3-9474-1A3956D46DE8}") = "UI", "UI", "{6541BA79-413F-4A68-8D19-1B992D5CCFCA}"
EndProject
Project("{9A19103F-16F7-4668-BE54-9A1E7A4F7556}") = "RaytrAkkar.SceneRenderService", "RaytrAkkar.SceneRenderService\RaytrAkkar.SceneRenderService.csproj", "{19BDA785-B6E9-4D0D-A335-CB49BF3C6C61}"
EndProject
Project("{9A19103F-16F7-4668-BE54-9A1E7A4F7556}") = "RaytrAkkar.TileRenderService", "RaytrAkkar.TileRenderService\RaytrAkkar.TileRenderService.csproj", "{26CBF82E-F3D6-41D6-B108-36787959B2DE}"
EndProject
Project("{6EC3EE1D-3C4E-46DD-8F32-0CC8E7565705}") = "RaytrAkkar.Lisp.Test", "RaytrAkkar.Lisp.Test\RaytrAkkar.Lisp.Test.fsproj", "{217C88B9-4AF8-4337-BF0D-5BADF7253C61}"
EndProject
Project("{E53339B2-1760-4266-BCC7-CA923CBCF16C}") = "docker-compose", "docker-compose.dcproj", "{EA2ED592-BCE3-4856-A584-95368EC21C4F}"
EndProject
Global
	GlobalSection(SolutionConfigurationPlatforms) = preSolution
		Debug|Any CPU = Debug|Any CPU
		Release|Any CPU = Release|Any CPU
	EndGlobalSection
	GlobalSection(ProjectConfigurationPlatforms) = postSolution
		{D3E0D5D1-8E20-442B-92B6-4EB287A90AF6}.Debug|Any CPU.ActiveCfg = Debug|Any CPU
		{D3E0D5D1-8E20-442B-92B6-4EB287A90AF6}.Debug|Any CPU.Build.0 = Debug|Any CPU
		{D3E0D5D1-8E20-442B-92B6-4EB287A90AF6}.Release|Any CPU.ActiveCfg = Release|Any CPU
		{D3E0D5D1-8E20-442B-92B6-4EB287A90AF6}.Release|Any CPU.Build.0 = Release|Any CPU
		{81D7A3CB-6E32-4E82-B4DB-EC44311412FA}.Debug|Any CPU.ActiveCfg = Debug|Any CPU
		{81D7A3CB-6E32-4E82-B4DB-EC44311412FA}.Debug|Any CPU.Build.0 = Debug|Any CPU
		{81D7A3CB-6E32-4E82-B4DB-EC44311412FA}.Release|Any CPU.ActiveCfg = Release|Any CPU
		{81D7A3CB-6E32-4E82-B4DB-EC44311412FA}.Release|Any CPU.Build.0 = Release|Any CPU
		{F28BD163-4CE2-4EEB-80A7-8E51450277D0}.Debug|Any CPU.ActiveCfg = Debug|Any CPU
		{F28BD163-4CE2-4EEB-80A7-8E51450277D0}.Debug|Any CPU.Build.0 = Debug|Any CPU
		{F28BD163-4CE2-4EEB-80A7-8E51450277D0}.Release|Any CPU.ActiveCfg = Release|Any CPU
		{F28BD163-4CE2-4EEB-80A7-8E51450277D0}.Release|Any CPU.Build.0 = Release|Any CPU
		{745DA4DB-04AE-403E-B4F5-57A2B073FF18}.Debug|Any CPU.ActiveCfg = Debug|Any CPU
		{745DA4DB-04AE-403E-B4F5-57A2B073FF18}.Debug|Any CPU.Build.0 = Debug|Any CPU
		{745DA4DB-04AE-403E-B4F5-57A2B073FF18}.Release|Any CPU.ActiveCfg = Release|Any CPU
		{745DA4DB-04AE-403E-B4F5-57A2B073FF18}.Release|Any CPU.Build.0 = Release|Any CPU
		{DCF4A707-03AA-4EEE-A6A3-79A0759E8638}.Debug|Any CPU.ActiveCfg = Debug|Any CPU
		{DCF4A707-03AA-4EEE-A6A3-79A0759E8638}.Debug|Any CPU.Build.0 = Debug|Any CPU
		{DCF4A707-03AA-4EEE-A6A3-79A0759E8638}.Release|Any CPU.ActiveCfg = Release|Any CPU
		{DCF4A707-03AA-4EEE-A6A3-79A0759E8638}.Release|Any CPU.Build.0 = Release|Any CPU
		{7EEB2131-7446-4C91-A5F8-C3A1B0446F94}.Debug|Any CPU.ActiveCfg = Debug|Any CPU
		{7EEB2131-7446-4C91-A5F8-C3A1B0446F94}.Debug|Any CPU.Build.0 = Debug|Any CPU
		{7EEB2131-7446-4C91-A5F8-C3A1B0446F94}.Release|Any CPU.ActiveCfg = Release|Any CPU
		{7EEB2131-7446-4C91-A5F8-C3A1B0446F94}.Release|Any CPU.Build.0 = Release|Any CPU
		{57173E3E-706D-4CF6-AB86-E413B644B3BB}.Debug|Any CPU.ActiveCfg = Debug|Any CPU
		{57173E3E-706D-4CF6-AB86-E413B644B3BB}.Debug|Any CPU.Build.0 = Debug|Any CPU
		{57173E3E-706D-4CF6-AB86-E413B644B3BB}.Release|Any CPU.ActiveCfg = Release|Any CPU
		{57173E3E-706D-4CF6-AB86-E413B644B3BB}.Release|Any CPU.Build.0 = Release|Any CPU
		{19BDA785-B6E9-4D0D-A335-CB49BF3C6C61}.Debug|Any CPU.ActiveCfg = Debug|Any CPU
		{19BDA785-B6E9-4D0D-A335-CB49BF3C6C61}.Debug|Any CPU.Build.0 = Debug|Any CPU
		{19BDA785-B6E9-4D0D-A335-CB49BF3C6C61}.Release|Any CPU.ActiveCfg = Release|Any CPU
		{19BDA785-B6E9-4D0D-A335-CB49BF3C6C61}.Release|Any CPU.Build.0 = Release|Any CPU
		{26CBF82E-F3D6-41D6-B108-36787959B2DE}.Debug|Any CPU.ActiveCfg = Debug|Any CPU
		{26CBF82E-F3D6-41D6-B108-36787959B2DE}.Debug|Any CPU.Build.0 = Debug|Any CPU
		{26CBF82E-F3D6-41D6-B108-36787959B2DE}.Release|Any CPU.ActiveCfg = Release|Any CPU
		{26CBF82E-F3D6-41D6-B108-36787959B2DE}.Release|Any CPU.Build.0 = Release|Any CPU
		{217C88B9-4AF8-4337-BF0D-5BADF7253C61}.Debug|Any CPU.ActiveCfg = Debug|Any CPU
		{217C88B9-4AF8-4337-BF0D-5BADF7253C61}.Debug|Any CPU.Build.0 = Debug|Any CPU
		{217C88B9-4AF8-4337-BF0D-5BADF7253C61}.Release|Any CPU.ActiveCfg = Release|Any CPU
		{217C88B9-4AF8-4337-BF0D-5BADF7253C61}.Release|Any CPU.Build.0 = Release|Any CPU
		{EA2ED592-BCE3-4856-A584-95368EC21C4F}.Debug|Any CPU.ActiveCfg = Debug|Any CPU
		{EA2ED592-BCE3-4856-A584-95368EC21C4F}.Debug|Any CPU.Build.0 = Debug|Any CPU
		{EA2ED592-BCE3-4856-A584-95368EC21C4F}.Release|Any CPU.ActiveCfg = Release|Any CPU
		{EA2ED592-BCE3-4856-A584-95368EC21C4F}.Release|Any CPU.Build.0 = Release|Any CPU
	EndGlobalSection
	GlobalSection(SolutionProperties) = preSolution
		HideSolutionNode = FALSE
	EndGlobalSection
	GlobalSection(NestedProjects) = preSolution
		{D3E0D5D1-8E20-442B-92B6-4EB287A90AF6} = {3EEAE51E-B5A6-40A4-BBFE-097FCC62EA37}
		{81D7A3CB-6E32-4E82-B4DB-EC44311412FA} = {34041686-3A21-4CB5-944E-8B4F4328F805}
		{745DA4DB-04AE-403E-B4F5-57A2B073FF18} = {6541BA79-413F-4A68-8D19-1B992D5CCFCA}
		{DCF4A707-03AA-4EEE-A6A3-79A0759E8638} = {ADA8A233-25B2-4787-A770-952C486B00BA}
		{7EEB2131-7446-4C91-A5F8-C3A1B0446F94} = {ADA8A233-25B2-4787-A770-952C486B00BA}
		{57173E3E-706D-4CF6-AB86-E413B644B3BB} = {6541BA79-413F-4A68-8D19-1B992D5CCFCA}
		{3EEAE51E-B5A6-40A4-BBFE-097FCC62EA37} = {34041686-3A21-4CB5-944E-8B4F4328F805}
		{6541BA79-413F-4A68-8D19-1B992D5CCFCA} = {34041686-3A21-4CB5-944E-8B4F4328F805}
		{19BDA785-B6E9-4D0D-A335-CB49BF3C6C61} = {3EEAE51E-B5A6-40A4-BBFE-097FCC62EA37}
		{26CBF82E-F3D6-41D6-B108-36787959B2DE} = {3EEAE51E-B5A6-40A4-BBFE-097FCC62EA37}
	EndGlobalSection
	GlobalSection(ExtensibilityGlobals) = postSolution
		SolutionGuid = {5AEADEBC-8A2A-4663-B62F-FB99DE128E50}
	EndGlobalSection
EndGlobal
